
Microsoft Visual Studio Solution File, Format Version 12.00
# Blend for Visual Studio 15
VisualStudioVersion = 15.0.26730.16
MinimumVisualStudioVersion = 10.0.40219.1
Project("{FAE04EC0-301F-11D3-BF4B-00C04F79EFBC}") = "CS471-HW1", "CS471-HW1\CS471-HW1.csproj", "{6CF1267F-39C4-46B3-8FD4-1DADAEB55635}"
EndProject
Global
	GlobalSection(SolutionConfigurationPlatforms) = preSolution
		Debug|Any CPU = Debug|Any CPU
		Release|Any CPU = Release|Any CPU
	EndGlobalSection
	GlobalSection(ProjectConfigurationPlatforms) = postSolution
		{6CF1267F-39C4-46B3-8FD4-1DADAEB55635}.Debug|Any CPU.ActiveCfg = Debug|Any CPU
		{6CF1267F-39C4-46B3-8FD4-1DADAEB55635}.Debug|Any CPU.Build.0 = Debug|Any CPU
		{6CF1267F-39C4-46B3-8FD4-1DADAEB55635}.Release|Any CPU.ActiveCfg = Release|Any CPU
		{6CF1267F-39C4-46B3-8FD4-1DADAEB55635}.Release|Any CPU.Build.0 = Release|Any CPU
	EndGlobalSection
	GlobalSection(SolutionProperties) = preSolution
		HideSolutionNode = FALSE
	EndGlobalSection
	GlobalSection(ExtensibilityGlobals) = postSolution
		SolutionGuid = {58F89474-DC3B-46BB-A119-52AB7F00670F}
	EndGlobalSection
EndGlobal
